
Microsoft Visual Studio Solution File, Format Version 12.00
# Visual Studio Version 17
VisualStudioVersion = 17.3.32929.385
MinimumVisualStudioVersion = 10.0.40219.1
Project("{FAE04EC0-301F-11D3-BF4B-00C04F79EFBC}") = "InserisciAttributiSR", "InserisciAttributiSR.csproj", "{CADE4EB2-4878-4D35-95B4-A770137403F0}"
EndProject
Global
	GlobalSection(SolutionConfigurationPlatforms) = preSolution
		Debug|Any CPU = Debug|Any CPU
		Release|Any CPU = Release|Any CPU
	EndGlobalSection
	GlobalSection(ProjectConfigurationPlatforms) = postSolution
		{CADE4EB2-4878-4D35-95B4-A770137403F0}.Debug|Any CPU.ActiveCfg = Debug|Any CPU
		{CADE4EB2-4878-4D35-95B4-A770137403F0}.Debug|Any CPU.Build.0 = Debug|Any CPU
		{CADE4EB2-4878-4D35-95B4-A770137403F0}.Release|Any CPU.ActiveCfg = Release|Any CPU
		{CADE4EB2-4878-4D35-95B4-A770137403F0}.Release|Any CPU.Build.0 = Release|Any CPU
	EndGlobalSection
	GlobalSection(SolutionProperties) = preSolution
		HideSolutionNode = FALSE
	EndGlobalSection
	GlobalSection(ExtensibilityGlobals) = postSolution
		SolutionGuid = {57531DF2-2CEC-444C-A682-1403A070DD45}
	EndGlobalSection
EndGlobal
